// !$*UTF8*$!
{
	archiveVersion = 1;
	classes = {
	};
	objectVersion = 46;
	objects = {

/* Begin PBXBuildFile section */
		275A19301D053290007014EC /* AppDelegate.swift in Sources */ = {isa = PBXBuildFile; fileRef = 275A192F1D053290007014EC /* AppDelegate.swift */; };
		275A19321D053290007014EC /* ViewController.swift in Sources */ = {isa = PBXBuildFile; fileRef = 275A19311D053290007014EC /* ViewController.swift */; };
		275A19351D053290007014EC /* Main.storyboard in Resources */ = {isa = PBXBuildFile; fileRef = 275A19331D053290007014EC /* Main.storyboard */; };
		275A19371D053290007014EC /* Assets.xcassets in Resources */ = {isa = PBXBuildFile; fileRef = 275A19361D053290007014EC /* Assets.xcassets */; };
		275A193A1D053290007014EC /* LaunchScreen.storyboard in Resources */ = {isa = PBXBuildFile; fileRef = 275A19381D053290007014EC /* LaunchScreen.storyboard */; };
		275A19421D0536C4007014EC /* TableViewController.swift in Sources */ = {isa = PBXBuildFile; fileRef = 275A19411D0536C4007014EC /* TableViewController.swift */; };
		275A19441D0537A3007014EC /* CoreLocation.framework in Frameworks */ = {isa = PBXBuildFile; fileRef = 275A19431D0537A3007014EC /* CoreLocation.framework */; };
/* End PBXBuildFile section */

/* Begin PBXFileReference section */
		275A192C1D053290007014EC /* destinations.app */ = {isa = PBXFileReference; explicitFileType = wrapper.application; includeInIndex = 0; path = destinations.app; sourceTree = BUILT_PRODUCTS_DIR; };
		275A192F1D053290007014EC /* AppDelegate.swift */ = {isa = PBXFileReference; lastKnownFileType = sourcecode.swift; path = AppDelegate.swift; sourceTree = "<group>"; };
		275A19311D053290007014EC /* ViewController.swift */ = {isa = PBXFileReference; lastKnownFileType = sourcecode.swift; path = ViewController.swift; sourceTree = "<group>"; };
		275A19341D053290007014EC /* Base */ = {isa = PBXFileReference; lastKnownFileType = file.storyboard; name = Base; path = Base.lproj/Main.storyboard; sourceTree = "<group>"; };
		275A19361D053290007014EC /* Assets.xcassets */ = {isa = PBXFileReference; lastKnownFileType = folder.assetcatalog; path = Assets.xcassets; sourceTree = "<group>"; };
		275A19391D053290007014EC /* Base */ = {isa = PBXFileReference; lastKnownFileType = file.storyboard; name = Base; path = Base.lproj/LaunchScreen.storyboard; sourceTree = "<group>"; };
		275A193B1D053290007014EC /* Info.plist */ = {isa = PBXFileReference; lastKnownFileType = text.plist.xml; path = Info.plist; sourceTree = "<group>"; };
		275A19411D0536C4007014EC /* TableViewController.swift */ = {isa = PBXFileReference; fileEncoding = 4; lastKnownFileType = sourcecode.swift; path = TableViewController.swift; sourceTree = "<group>"; };
		275A19431D0537A3007014EC /* CoreLocation.framework */ = {isa = PBXFileReference; lastKnownFileType = wrapper.framework; name = CoreLocation.framework; path = System/Library/Frameworks/CoreLocation.framework; sourceTree = SDKROOT; };
/* End PBXFileReference section */

/* Begin PBXFrameworksBuildPhase section */
		275A19291D053290007014EC /* Frameworks */ = {
			isa = PBXFrameworksBuildPhase;
			buildActionMask = 2147483647;
			files = (
				275A19441D0537A3007014EC /* CoreLocation.framework in Frameworks */,
			);
			runOnlyForDeploymentPostprocessing = 0;
		};
/* End PBXFrameworksBuildPhase section */

/* Begin PBXGroup section */
		275A19231D053290007014EC = {
			isa = PBXGroup;
			children = (
				275A19431D0537A3007014EC /* CoreLocation.framework */,
				275A192E1D053290007014EC /* destinations */,
				275A192D1D053290007014EC /* Products */,
			);
			sourceTree = "<group>";
		};
		275A192D1D053290007014EC /* Products */ = {
			isa = PBXGroup;
			children = (
				275A192C1D053290007014EC /* destinations.app */,
			);
			name = Products;
			sourceTree = "<group>";
		};
		275A192E1D053290007014EC /* destinations */ = {
			isa = PBXGroup;
			children = (
				275A192F1D053290007014EC /* AppDelegate.swift */,
				275A19311D053290007014EC /* ViewController.swift */,
				275A19331D053290007014EC /* Main.storyboard */,
				275A19411D0536C4007014EC /* TableViewController.swift */,
				275A19361D053290007014EC /* Assets.xcassets */,
				275A19381D053290007014EC /* LaunchScreen.storyboard */,
				275A193B1D053290007014EC /* Info.plist */,
			);
			path = destinations;
			sourceTree = "<group>";
		};
/* End PBXGroup section */

/* Begin PBXNativeTarget section */
		275A192B1D053290007014EC /* destinations */ = {
			isa = PBXNativeTarget;
			buildConfigurationList = 275A193E1D053290007014EC /* Build configuration list for PBXNativeTarget "destinations" */;
			buildPhases = (
				275A19281D053290007014EC /* Sources */,
				275A19291D053290007014EC /* Frameworks */,
				275A192A1D053290007014EC /* Resources */,
			);
			buildRules = (
			);
			dependencies = (
			);
			name = destinations;
			productName = destinations;
			productReference = 275A192C1D053290007014EC /* destinations.app */;
			productType = "com.apple.product-type.application";
		};
/* End PBXNativeTarget section */

/* Begin PBXProject section */
		275A19241D053290007014EC /* Project object */ = {
			isa = PBXProject;
			attributes = {
				LastSwiftUpdateCheck = 0730;
				LastUpgradeCheck = 0730;
				ORGANIZATIONNAME = "Sacchit Chadha ";
				TargetAttributes = {
					275A192B1D053290007014EC = {
						CreatedOnToolsVersion = 7.3.1;
						DevelopmentTeam = J449N23274;
						LastSwiftMigration = 0820;
					};
				};
			};
			buildConfigurationList = 275A19271D053290007014EC /* Build configuration list for PBXProject "destinations" */;
			compatibilityVersion = "Xcode 3.2";
			developmentRegion = English;
			hasScannedForEncodings = 0;
			knownRegions = (
				en,
				Base,
			);
			mainGroup = 275A19231D053290007014EC;
			productRefGroup = 275A192D1D053290007014EC /* Products */;
			projectDirPath = "";
			projectRoot = "";
			targets = (
				275A192B1D053290007014EC /* destinations */,
			);
		};
/* End PBXProject section */

/* Begin PBXResourcesBuildPhase section */
		275A192A1D053290007014EC /* Resources */ = {
			isa = PBXResourcesBuildPhase;
			buildActionMask = 2147483647;
			files = (
				275A193A1D053290007014EC /* LaunchScreen.storyboard in Resources */,
				275A19371D053290007014EC /* Assets.xcassets in Resources */,
				275A19351D053290007014EC /* Main.storyboard in Resources */,
			);
			runOnlyForDeploymentPostprocessing = 0;
		};
/* End PBXResourcesBuildPhase section */

/* Begin PBXSourcesBuildPhase section */
		275A19281D053290007014EC /* Sources */ = {
			isa = PBXSourcesBuildPhase;
			buildActionMask = 2147483647;
			files = (
				275A19321D053290007014EC /* ViewController.swift in Sources */,
				275A19421D0536C4007014EC /* TableViewController.swift in Sources */,
				275A19301D053290007014EC /* AppDelegate.swift in Sources */,
			);
			runOnlyForDeploymentPostprocessing = 0;
		};
/* End PBXSourcesBuildPhase section */

/* Begin PBXVariantGroup section */
		275A19331D053290007014EC /* Main.storyboard */ = {
			isa = PBXVariantGroup;
			children = (
				275A19341D053290007014EC /* Base */,
			);
			name = Main.storyboard;
			sourceTree = "<group>";
		};
		275A19381D053290007014EC /* LaunchScreen.storyboard */ = {
			isa = PBXVariantGroup;
			children = (
				275A19391D053290007014EC /* Base */,
			);
			name = LaunchScreen.storyboard;
			sourceTree = "<group>";
		};
/* End PBXVariantGroup section */

/* Begin XCBuildConfiguration section */
		275A193C1D053290007014EC /* Debug */ = {
			isa = XCBuildConfiguration;
			buildSettings = {
				ALWAYS_SEARCH_USER_PATHS = NO;
				CLANG_ANALYZER_NONNULL = YES;
				CLANG_CXX_LANGUAGE_STANDARD = "gnu++0x";
				CLANG_CXX_LIBRARY = "libc++";
				CLANG_ENABLE_MODULES = YES;
				CLANG_ENABLE_OBJC_ARC = YES;
				CLANG_WARN_BOOL_CONVERSION = YES;
				CLANG_WARN_CONSTANT_CONVERSION = YES;
				CLANG_WARN_DIRECT_OBJC_ISA_USAGE = YES_ERROR;
				CLANG_WARN_EMPTY_BODY = YES;
				CLANG_WARN_ENUM_CONVERSION = YES;
				CLANG_WARN_INT_CONVERSION = YES;
				CLANG_WARN_OBJC_ROOT_CLASS = YES_ERROR;
				CLANG_WARN_UNREACHABLE_CODE = YES;
				CLANG_WARN__DUPLICATE_METHOD_MATCH = YES;
				"CODE_SIGN_IDENTITY[sdk=iphoneos*]" = "iPhone Developer";
				COPY_PHASE_STRIP = NO;
				DEBUG_INFORMATION_FORMAT = dwarf;
				ENABLE_STRICT_OBJC_MSGSEND = YES;
				ENABLE_TESTABILITY = YES;
				GCC_C_LANGUAGE_STANDARD = gnu99;
				GCC_DYNAMIC_NO_PIC = NO;
				GCC_NO_COMMON_BLOCKS = YES;
				GCC_OPTIMIZATION_LEVEL = 0;
				GCC_PREPROCESSOR_DEFINITIONS = (
					"DEBUG=1",
					"$(inherited)",
				);
				GCC_WARN_64_TO_32_BIT_CONVERSION = YES;
				GCC_WARN_ABOUT_RETURN_TYPE = YES_ERROR;
				GCC_WARN_UNDECLARED_SELECTOR = YES;
				GCC_WARN_UNINITIALIZED_AUTOS = YES_AGGRESSIVE;
				GCC_WARN_UNUSED_FUNCTION = YES;
				GCC_WARN_UNUSED_VARIABLE = YES;
				IPHONEOS_DEPLOYMENT_TARGET = 9.3;
				MTL_ENABLE_DEBUG_INFO = YES;
				ONLY_ACTIVE_ARCH = YES;
				SDKROOT = iphoneos;
				SWIFT_OPTIMIZATION_LEVEL = "-Onone";
			};
			name = Debug;
		};
		275A193D1D053290007014EC /* Release */ = {
			isa = XCBuildConfiguration;
			buildSettings = {
				ALWAYS_SEARCH_USER_PATHS = NO;
				CLANG_ANALYZER_NONNULL = YES;
				CLANG_CXX_LANGUAGE_STANDARD = "gnu++0x";
				CLANG_CXX_LIBRARY = "libc++";
				CLANG_ENABLE_MODULES = YES;
				CLANG_ENABLE_OBJC_ARC = YES;
				CLANG_WARN_BOOL_CONVERSION = YES;
				CLANG_WARN_CONSTANT_CONVERSION = YES;
				CLANG_WARN_DIRECT_OBJC_ISA_USAGE = YES_ERROR;
				CLANG_WARN_EMPTY_BODY = YES;
				CLANG_WARN_ENUM_CONVERSION = YES;
				CLANG_WARN_INT_CONVERSION = YES;
				CLANG_WARN_OBJC_ROOT_CLASS = YES_ERROR;
				CLANG_WARN_UNREACHABLE_CODE = YES;
				CLANG_WARN__DUPLICATE_METHOD_MATCH = YES;
				"CODE_SIGN_IDENTITY[sdk=iphoneos*]" = "iPhone Developer";
				COPY_PHASE_STRIP = NO;
				DEBUG_INFORMATION_FORMAT = "dwarf-with-dsym";
				ENABLE_NS_ASSERTIONS = NO;
				ENABLE_STRICT_OBJC_MSGSEND = YES;
				GCC_C_LANGUAGE_STANDARD = gnu99;
				GCC_NO_COMMON_BLOCKS = YES;
				GCC_WARN_64_TO_32_BIT_CONVERSION = YES;
				GCC_WARN_ABOUT_RETURN_TYPE = YES_ERROR;
				GCC_WARN_UNDECLARED_SELECTOR = YES;
				GCC_WARN_UNINITIALIZED_AUTOS = YES_AGGRESSIVE;
				GCC_WARN_UNUSED_FUNCTION = YES;
				GCC_WARN_UNUSED_VARIABLE = YES;
				IPHONEOS_DEPLOYMENT_TARGET = 9.3;
				MTL_ENABLE_DEBUG_INFO = NO;
				SDKROOT = iphoneos;
				VALIDATE_PRODUCT = YES;
			};
			name = Release;
		};
		275A193F1D053290007014EC /* Debug */ = {
			isa = XCBuildConfiguration;
			buildSettings = {
				ASSETCATALOG_COMPILER_APPICON_NAME = AppIcon;
				INFOPLIST_FILE = destinations/Info.plist;
				LD_RUNPATH_SEARCH_PATHS = "$(inherited) @executable_path/Frameworks";
				PRODUCT_BUNDLE_IDENTIFIER = com.jarvis.destinations;
				PRODUCT_NAME = "$(TARGET_NAME)";
				SWIFT_VERSION = 3.0;
			};
			name = Debug;
		};
		275A19401D053290007014EC /* Release */ = {
			isa = XCBuildConfiguration;
			buildSettings = {
				ASSETCATALOG_COMPILER_APPICON_NAME = AppIcon;
				INFOPLIST_FILE = destinations/Info.plist;
				LD_RUNPATH_SEARCH_PATHS = "$(inherited) @executable_path/Frameworks";
				PRODUCT_BUNDLE_IDENTIFIER = com.jarvis.destinations;
				PRODUCT_NAME = "$(TARGET_NAME)";
				SWIFT_VERSION = 3.0;
			};
			name = Release;
		};
/* End XCBuildConfiguration section */

/* Begin XCConfigurationList section */
		275A19271D053290007014EC /* Build configuration list for PBXProject "destinations" */ = {
			isa = XCConfigurationList;
			buildConfigurations = (
				275A193C1D053290007014EC /* Debug */,
				275A193D1D053290007014EC /* Release */,
			);
			defaultConfigurationIsVisible = 0;
			defaultConfigurationName = Release;
		};
		275A193E1D053290007014EC /* Build configuration list for PBXNativeTarget "destinations" */ = {
			isa = XCConfigurationList;
			buildConfigurations = (
				275A193F1D053290007014EC /* Debug */,
				275A19401D053290007014EC /* Release */,
			);
			defaultConfigurationIsVisible = 0;
			defaultConfigurationName = Release;
		};
/* End XCConfigurationList section */
	};
	rootObject = 275A19241D053290007014EC /* Project object */;
}
